
Microsoft Visual Studio Solution File, Format Version 12.00
# Visual Studio Version 17
VisualStudioVersion = 17.6.33815.320
MinimumVisualStudioVersion = 10.0.40219.1
Project("{FAE04EC0-301F-11D3-BF4B-00C04F79EFBC}") = "DylanDeSouzaPetDatabase.UWP", "DylanDeSouzaPetDatabase\DylanDeSouzaPetDatabase.UWP\DylanDeSouzaPetDatabase.UWP.csproj", "{BA252EB6-1955-473F-A40D-7952212181EB}"
EndProject
Project("{FAE04EC0-301F-11D3-BF4B-00C04F79EFBC}") = "DylanDeSouzaPetDatabase.Android", "DylanDeSouzaPetDatabase\DylanDeSouzaPetDatabase.Android\DylanDeSouzaPetDatabase.Android.csproj", "{EDC9303A-DD7E-4B45-AE84-E05A0B6FA196}"
EndProject
Project("{FAE04EC0-301F-11D3-BF4B-00C04F79EFBC}") = "DylanDeSouzaPetDatabase.iOS", "DylanDeSouzaPetDatabase\DylanDeSouzaPetDatabase.iOS\DylanDeSouzaPetDatabase.iOS.csproj", "{4160EDE5-5427-43DC-9C34-6C26CCB3A032}"
EndProject
Project("{FAE04EC0-301F-11D3-BF4B-00C04F79EFBC}") = "DylanDeSouzaPetDatabase", "DylanDeSouzaPetDatabase\DylanDeSouzaPetDatabase\DylanDeSouzaPetDatabase.csproj", "{210BD6BC-97D9-48EB-85E9-A3F1C7AF0CAC}"
EndProject
Global
	GlobalSection(SolutionConfigurationPlatforms) = preSolution
		Debug|Any CPU = Debug|Any CPU
		Debug|ARM = Debug|ARM
		Debug|iPhone = Debug|iPhone
		Debug|iPhoneSimulator = Debug|iPhoneSimulator
		Debug|x64 = Debug|x64
		Debug|x86 = Debug|x86
		Release|Any CPU = Release|Any CPU
		Release|ARM = Release|ARM
		Release|iPhone = Release|iPhone
		Release|iPhoneSimulator = Release|iPhoneSimulator
		Release|x64 = Release|x64
		Release|x86 = Release|x86
	EndGlobalSection
	GlobalSection(ProjectConfigurationPlatforms) = postSolution
		{BA252EB6-1955-473F-A40D-7952212181EB}.Debug|Any CPU.ActiveCfg = Debug|x64
		{BA252EB6-1955-473F-A40D-7952212181EB}.Debug|Any CPU.Build.0 = Debug|x64
		{BA252EB6-1955-473F-A40D-7952212181EB}.Debug|Any CPU.Deploy.0 = Debug|x64
		{BA252EB6-1955-473F-A40D-7952212181EB}.Debug|ARM.ActiveCfg = Debug|ARM
		{BA252EB6-1955-473F-A40D-7952212181EB}.Debug|ARM.Build.0 = Debug|ARM
		{BA252EB6-1955-473F-A40D-7952212181EB}.Debug|ARM.Deploy.0 = Debug|ARM
		{BA252EB6-1955-473F-A40D-7952212181EB}.Debug|iPhone.ActiveCfg = Debug|x64
		{BA252EB6-1955-473F-A40D-7952212181EB}.Debug|iPhone.Build.0 = Debug|x64
		{BA252EB6-1955-473F-A40D-7952212181EB}.Debug|iPhone.Deploy.0 = Debug|x64
		{BA252EB6-1955-473F-A40D-7952212181EB}.Debug|iPhoneSimulator.ActiveCfg = Debug|x64
		{BA252EB6-1955-473F-A40D-7952212181EB}.Debug|iPhoneSimulator.Build.0 = Debug|x64
		{BA252EB6-1955-473F-A40D-7952212181EB}.Debug|iPhoneSimulator.Deploy.0 = Debug|x64
		{BA252EB6-1955-473F-A40D-7952212181EB}.Debug|x64.ActiveCfg = Debug|x64
		{BA252EB6-1955-473F-A40D-7952212181EB}.Debug|x64.Build.0 = Debug|x64
		{BA252EB6-1955-473F-A40D-7952212181EB}.Debug|x64.Deploy.0 = Debug|x64
		{BA252EB6-1955-473F-A40D-7952212181EB}.Debug|x86.ActiveCfg = Debug|x86
		{BA252EB6-1955-473F-A40D-7952212181EB}.Debug|x86.Build.0 = Debug|x86
		{BA252EB6-1955-473F-A40D-7952212181EB}.Debug|x86.Deploy.0 = Debug|x86
		{BA252EB6-1955-473F-A40D-7952212181EB}.Release|Any CPU.ActiveCfg = Release|x64
		{BA252EB6-1955-473F-A40D-7952212181EB}.Release|Any CPU.Build.0 = Release|x64
		{BA252EB6-1955-473F-A40D-7952212181EB}.Release|Any CPU.Deploy.0 = Release|x64
		{BA252EB6-1955-473F-A40D-7952212181EB}.Release|ARM.ActiveCfg = Release|ARM
		{BA252EB6-1955-473F-A40D-7952212181EB}.Release|ARM.Build.0 = Release|ARM
		{BA252EB6-1955-473F-A40D-7952212181EB}.Release|ARM.Deploy.0 = Release|ARM
		{BA252EB6-1955-473F-A40D-7952212181EB}.Release|iPhone.ActiveCfg = Release|x64
		{BA252EB6-1955-473F-A40D-7952212181EB}.Release|iPhone.Build.0 = Release|x64
		{BA252EB6-1955-473F-A40D-7952212181EB}.Release|iPhone.Deploy.0 = Release|x64
		{BA252EB6-1955-473F-A40D-7952212181EB}.Release|iPhoneSimulator.ActiveCfg = Release|x64
		{BA252EB6-1955-473F-A40D-7952212181EB}.Release|iPhoneSimulator.Build.0 = Release|x64
		{BA252EB6-1955-473F-A40D-7952212181EB}.Release|iPhoneSimulator.Deploy.0 = Release|x64
		{BA252EB6-1955-473F-A40D-7952212181EB}.Release|x64.ActiveCfg = Release|x64
		{BA252EB6-1955-473F-A40D-7952212181EB}.Release|x64.Build.0 = Release|x64
		{BA252EB6-1955-473F-A40D-7952212181EB}.Release|x64.Deploy.0 = Release|x64
		{BA252EB6-1955-473F-A40D-7952212181EB}.Release|x86.ActiveCfg = Release|x86
		{BA252EB6-1955-473F-A40D-7952212181EB}.Release|x86.Build.0 = Release|x86
		{BA252EB6-1955-473F-A40D-7952212181EB}.Release|x86.Deploy.0 = Release|x86
		{EDC9303A-DD7E-4B45-AE84-E05A0B6FA196}.Debug|Any CPU.ActiveCfg = Debug|Any CPU
		{EDC9303A-DD7E-4B45-AE84-E05A0B6FA196}.Debug|Any CPU.Build.0 = Debug|Any CPU
		{EDC9303A-DD7E-4B45-AE84-E05A0B6FA196}.Debug|Any CPU.Deploy.0 = Debug|Any CPU
		{EDC9303A-DD7E-4B45-AE84-E05A0B6FA196}.Debug|ARM.ActiveCfg = Debug|Any CPU
		{EDC9303A-DD7E-4B45-AE84-E05A0B6FA196}.Debug|ARM.Build.0 = Debug|Any CPU
		{EDC9303A-DD7E-4B45-AE84-E05A0B6FA196}.Debug|ARM.Deploy.0 = Debug|Any CPU
		{EDC9303A-DD7E-4B45-AE84-E05A0B6FA196}.Debug|iPhone.ActiveCfg = Debug|Any CPU
		{EDC9303A-DD7E-4B45-AE84-E05A0B6FA196}.Debug|iPhone.Build.0 = Debug|Any CPU
		{EDC9303A-DD7E-4B45-AE84-E05A0B6FA196}.Debug|iPhone.Deploy.0 = Debug|Any CPU
		{EDC9303A-DD7E-4B45-AE84-E05A0B6FA196}.Debug|iPhoneSimulator.ActiveCfg = Debug|Any CPU
		{EDC9303A-DD7E-4B45-AE84-E05A0B6FA196}.Debug|iPhoneSimulator.Build.0 = Debug|Any CPU
		{EDC9303A-DD7E-4B45-AE84-E05A0B6FA196}.Debug|iPhoneSimulator.Deploy.0 = Debug|Any CPU
		{EDC9303A-DD7E-4B45-AE84-E05A0B6FA196}.Debug|x64.ActiveCfg = Debug|Any CPU
		{EDC9303A-DD7E-4B45-AE84-E05A0B6FA196}.Debug|x64.Build.0 = Debug|Any CPU
		{EDC9303A-DD7E-4B45-AE84-E05A0B6FA196}.Debug|x64.Deploy.0 = Debug|Any CPU
		{EDC9303A-DD7E-4B45-AE84-E05A0B6FA196}.Debug|x86.ActiveCfg = Debug|Any CPU
		{EDC9303A-DD7E-4B45-AE84-E05A0B6FA196}.Debug|x86.Build.0 = Debug|Any CPU
		{EDC9303A-DD7E-4B45-AE84-E05A0B6FA196}.Debug|x86.Deploy.0 = Debug|Any CPU
		{EDC9303A-DD7E-4B45-AE84-E05A0B6FA196}.Release|Any CPU.ActiveCfg = Release|Any CPU
		{EDC9303A-DD7E-4B45-AE84-E05A0B6FA196}.Release|Any CPU.Build.0 = Release|Any CPU
		{EDC9303A-DD7E-4B45-AE84-E05A0B6FA196}.Release|Any CPU.Deploy.0 = Release|Any CPU
		{EDC9303A-DD7E-4B45-AE84-E05A0B6FA196}.Release|ARM.ActiveCfg = Release|Any CPU
		{EDC9303A-DD7E-4B45-AE84-E05A0B6FA196}.Release|ARM.Build.0 = Release|Any CPU
		{EDC9303A-DD7E-4B45-AE84-E05A0B6FA196}.Release|ARM.Deploy.0 = Release|Any CPU
		{EDC9303A-DD7E-4B45-AE84-E05A0B6FA196}.Release|iPhone.ActiveCfg = Release|Any CPU
		{EDC9303A-DD7E-4B45-AE84-E05A0B6FA196}.Release|iPhone.Build.0 = Release|Any CPU
		{EDC9303A-DD7E-4B45-AE84-E05A0B6FA196}.Release|iPhone.Deploy.0 = Release|Any CPU
		{EDC9303A-DD7E-4B45-AE84-E05A0B6FA196}.Release|iPhoneSimulator.ActiveCfg = Release|Any CPU
		{EDC9303A-DD7E-4B45-AE84-E05A0B6FA196}.Release|iPhoneSimulator.Build.0 = Release|Any CPU
		{EDC9303A-DD7E-4B45-AE84-E05A0B6FA196}.Release|iPhoneSimulator.Deploy.0 = Release|Any CPU
		{EDC9303A-DD7E-4B45-AE84-E05A0B6FA196}.Release|x64.ActiveCfg = Release|Any CPU
		{EDC9303A-DD7E-4B45-AE84-E05A0B6FA196}.Release|x64.Build.0 = Release|Any CPU
		{EDC9303A-DD7E-4B45-AE84-E05A0B6FA196}.Release|x64.Deploy.0 = Release|Any CPU
		{EDC9303A-DD7E-4B45-AE84-E05A0B6FA196}.Release|x86.ActiveCfg = Release|Any CPU
		{EDC9303A-DD7E-4B45-AE84-E05A0B6FA196}.Release|x86.Build.0 = Release|Any CPU
		{EDC9303A-DD7E-4B45-AE84-E05A0B6FA196}.Release|x86.Deploy.0 = Release|Any CPU
		{4160EDE5-5427-43DC-9C34-6C26CCB3A032}.Debug|Any CPU.ActiveCfg = Debug|iPhoneSimulator
		{4160EDE5-5427-43DC-9C34-6C26CCB3A032}.Debug|Any CPU.Build.0 = Debug|iPhoneSimulator
		{4160EDE5-5427-43DC-9C34-6C26CCB3A032}.Debug|Any CPU.Deploy.0 = Debug|iPhoneSimulator
		{4160EDE5-5427-43DC-9C34-6C26CCB3A032}.Debug|ARM.ActiveCfg = Debug|iPhoneSimulator
		{4160EDE5-5427-43DC-9C34-6C26CCB3A032}.Debug|ARM.Build.0 = Debug|iPhoneSimulator
		{4160EDE5-5427-43DC-9C34-6C26CCB3A032}.Debug|ARM.Deploy.0 = Debug|iPhoneSimulator
		{4160EDE5-5427-43DC-9C34-6C26CCB3A032}.Debug|iPhone.ActiveCfg = Debug|iPhone
		{4160EDE5-5427-43DC-9C34-6C26CCB3A032}.Debug|iPhone.Build.0 = Debug|iPhone
		{4160EDE5-5427-43DC-9C34-6C26CCB3A032}.Debug|iPhone.Deploy.0 = Debug|iPhone
		{4160EDE5-5427-43DC-9C34-6C26CCB3A032}.Debug|iPhoneSimulator.ActiveCfg = Debug|iPhoneSimulator
		{4160EDE5-5427-43DC-9C34-6C26CCB3A032}.Debug|iPhoneSimulator.Build.0 = Debug|iPhoneSimulator
		{4160EDE5-5427-43DC-9C34-6C26CCB3A032}.Debug|iPhoneSimulator.Deploy.0 = Debug|iPhoneSimulator
		{4160EDE5-5427-43DC-9C34-6C26CCB3A032}.Debug|x64.ActiveCfg = Debug|iPhone
		{4160EDE5-5427-43DC-9C34-6C26CCB3A032}.Debug|x64.Build.0 = Debug|iPhone
		{4160EDE5-5427-43DC-9C34-6C26CCB3A032}.Debug|x64.Deploy.0 = Debug|iPhone
		{4160EDE5-5427-43DC-9C34-6C26CCB3A032}.Debug|x86.ActiveCfg = Debug|iPhoneSimulator
		{4160EDE5-5427-43DC-9C34-6C26CCB3A032}.Debug|x86.Build.0 = Debug|iPhoneSimulator
		{4160EDE5-5427-43DC-9C34-6C26CCB3A032}.Debug|x86.Deploy.0 = Debug|iPhoneSimulator
		{4160EDE5-5427-43DC-9C34-6C26CCB3A032}.Release|Any CPU.ActiveCfg = Release|iPhoneSimulator
		{4160EDE5-5427-43DC-9C34-6C26CCB3A032}.Release|Any CPU.Build.0 = Release|iPhoneSimulator
		{4160EDE5-5427-43DC-9C34-6C26CCB3A032}.Release|Any CPU.Deploy.0 = Release|iPhoneSimulator
		{4160EDE5-5427-43DC-9C34-6C26CCB3A032}.Release|ARM.ActiveCfg = Release|iPhoneSimulator
		{4160EDE5-5427-43DC-9C34-6C26CCB3A032}.Release|ARM.Build.0 = Release|iPhoneSimulator
		{4160EDE5-5427-43DC-9C34-6C26CCB3A032}.Release|ARM.Deploy.0 = Release|iPhoneSimulator
		{4160EDE5-5427-43DC-9C34-6C26CCB3A032}.Release|iPhone.ActiveCfg = Release|iPhone
		{4160EDE5-5427-43DC-9C34-6C26CCB3A032}.Release|iPhone.Build.0 = Release|iPhone
		{4160EDE5-5427-43DC-9C34-6C26CCB3A032}.Release|iPhone.Deploy.0 = Release|iPhone
		{4160EDE5-5427-43DC-9C34-6C26CCB3A032}.Release|iPhoneSimulator.ActiveCfg = Release|iPhoneSimulator
		{4160EDE5-5427-43DC-9C34-6C26CCB3A032}.Release|iPhoneSimulator.Build.0 = Release|iPhoneSimulator
		{4160EDE5-5427-43DC-9C34-6C26CCB3A032}.Release|iPhoneSimulator.Deploy.0 = Release|iPhoneSimulator
		{4160EDE5-5427-43DC-9C34-6C26CCB3A032}.Release|x64.ActiveCfg = Release|iPhoneSimulator
		{4160EDE5-5427-43DC-9C34-6C26CCB3A032}.Release|x64.Build.0 = Release|iPhoneSimulator
		{4160EDE5-5427-43DC-9C34-6C26CCB3A032}.Release|x64.Deploy.0 = Release|iPhoneSimulator
		{4160EDE5-5427-43DC-9C34-6C26CCB3A032}.Release|x86.ActiveCfg = Release|iPhoneSimulator
		{4160EDE5-5427-43DC-9C34-6C26CCB3A032}.Release|x86.Build.0 = Release|iPhoneSimulator
		{4160EDE5-5427-43DC-9C34-6C26CCB3A032}.Release|x86.Deploy.0 = Release|iPhoneSimulator
		{210BD6BC-97D9-48EB-85E9-A3F1C7AF0CAC}.Debug|Any CPU.ActiveCfg = Debug|Any CPU
		{210BD6BC-97D9-48EB-85E9-A3F1C7AF0CAC}.Debug|Any CPU.Build.0 = Debug|Any CPU
		{210BD6BC-97D9-48EB-85E9-A3F1C7AF0CAC}.Debug|Any CPU.Deploy.0 = Debug|Any CPU
		{210BD6BC-97D9-48EB-85E9-A3F1C7AF0CAC}.Debug|ARM.ActiveCfg = Debug|Any CPU
		{210BD6BC-97D9-48EB-85E9-A3F1C7AF0CAC}.Debug|ARM.Build.0 = Debug|Any CPU
		{210BD6BC-97D9-48EB-85E9-A3F1C7AF0CAC}.Debug|ARM.Deploy.0 = Debug|Any CPU
		{210BD6BC-97D9-48EB-85E9-A3F1C7AF0CAC}.Debug|iPhone.ActiveCfg = Debug|Any CPU
		{210BD6BC-97D9-48EB-85E9-A3F1C7AF0CAC}.Debug|iPhone.Build.0 = Debug|Any CPU
		{210BD6BC-97D9-48EB-85E9-A3F1C7AF0CAC}.Debug|iPhone.Deploy.0 = Debug|Any CPU
		{210BD6BC-97D9-48EB-85E9-A3F1C7AF0CAC}.Debug|iPhoneSimulator.ActiveCfg = Debug|Any CPU
		{210BD6BC-97D9-48EB-85E9-A3F1C7AF0CAC}.Debug|iPhoneSimulator.Build.0 = Debug|Any CPU
		{210BD6BC-97D9-48EB-85E9-A3F1C7AF0CAC}.Debug|iPhoneSimulator.Deploy.0 = Debug|Any CPU
		{210BD6BC-97D9-48EB-85E9-A3F1C7AF0CAC}.Debug|x64.ActiveCfg = Debug|Any CPU
		{210BD6BC-97D9-48EB-85E9-A3F1C7AF0CAC}.Debug|x64.Build.0 = Debug|Any CPU
		{210BD6BC-97D9-48EB-85E9-A3F1C7AF0CAC}.Debug|x64.Deploy.0 = Debug|Any CPU
		{210BD6BC-97D9-48EB-85E9-A3F1C7AF0CAC}.Debug|x86.ActiveCfg = Debug|Any CPU
		{210BD6BC-97D9-48EB-85E9-A3F1C7AF0CAC}.Debug|x86.Build.0 = Debug|Any CPU
		{210BD6BC-97D9-48EB-85E9-A3F1C7AF0CAC}.Debug|x86.Deploy.0 = Debug|Any CPU
		{210BD6BC-97D9-48EB-85E9-A3F1C7AF0CAC}.Release|Any CPU.ActiveCfg = Release|Any CPU
		{210BD6BC-97D9-48EB-85E9-A3F1C7AF0CAC}.Release|Any CPU.Build.0 = Release|Any CPU
		{210BD6BC-97D9-48EB-85E9-A3F1C7AF0CAC}.Release|Any CPU.Deploy.0 = Release|Any CPU
		{210BD6BC-97D9-48EB-85E9-A3F1C7AF0CAC}.Release|ARM.ActiveCfg = Release|Any CPU
		{210BD6BC-97D9-48EB-85E9-A3F1C7AF0CAC}.Release|ARM.Build.0 = Release|Any CPU
		{210BD6BC-97D9-48EB-85E9-A3F1C7AF0CAC}.Release|ARM.Deploy.0 = Release|Any CPU
		{210BD6BC-97D9-48EB-85E9-A3F1C7AF0CAC}.Release|iPhone.ActiveCfg = Release|Any CPU
		{210BD6BC-97D9-48EB-85E9-A3F1C7AF0CAC}.Release|iPhone.Build.0 = Release|Any CPU
		{210BD6BC-97D9-48EB-85E9-A3F1C7AF0CAC}.Release|iPhone.Deploy.0 = Release|Any CPU
		{210BD6BC-97D9-48EB-85E9-A3F1C7AF0CAC}.Release|iPhoneSimulator.ActiveCfg = Release|Any CPU
		{210BD6BC-97D9-48EB-85E9-A3F1C7AF0CAC}.Release|iPhoneSimulator.Build.0 = Release|Any CPU
		{210BD6BC-97D9-48EB-85E9-A3F1C7AF0CAC}.Release|iPhoneSimulator.Deploy.0 = Release|Any CPU
		{210BD6BC-97D9-48EB-85E9-A3F1C7AF0CAC}.Release|x64.ActiveCfg = Release|Any CPU
		{210BD6BC-97D9-48EB-85E9-A3F1C7AF0CAC}.Release|x64.Build.0 = Release|Any CPU
		{210BD6BC-97D9-48EB-85E9-A3F1C7AF0CAC}.Release|x64.Deploy.0 = Release|Any CPU
		{210BD6BC-97D9-48EB-85E9-A3F1C7AF0CAC}.Release|x86.ActiveCfg = Release|Any CPU
		{210BD6BC-97D9-48EB-85E9-A3F1C7AF0CAC}.Release|x86.Build.0 = Release|Any CPU
		{210BD6BC-97D9-48EB-85E9-A3F1C7AF0CAC}.Release|x86.Deploy.0 = Release|Any CPU
	EndGlobalSection
	GlobalSection(SolutionProperties) = preSolution
		HideSolutionNode = FALSE
	EndGlobalSection
	GlobalSection(ExtensibilityGlobals) = postSolution
		SolutionGuid = {9332D75D-A17B-4C4A-A6E1-CBFB6D44884D}
	EndGlobalSection
EndGlobal
